
Microsoft Visual Studio Solution File, Format Version 12.00
# Visual Studio Version 17
VisualStudioVersion = 17.1.32414.318
MinimumVisualStudioVersion = 10.0.40219.1
Project("{9A19103F-16F7-4668-BE54-9A1E7A4F7556}") = "VirusAppFinal", "VirusAppFinal.csproj", "{A85E3BF7-6385-44E3-BA6F-1C8F02BB84AB}"
EndProject
Global
	GlobalSection(SolutionConfigurationPlatforms) = preSolution
		Debug|Any CPU = Debug|Any CPU
		Release|Any CPU = Release|Any CPU
	EndGlobalSection
	GlobalSection(ProjectConfigurationPlatforms) = postSolution
		{A85E3BF7-6385-44E3-BA6F-1C8F02BB84AB}.Debug|Any CPU.ActiveCfg = Debug|Any CPU
		{A85E3BF7-6385-44E3-BA6F-1C8F02BB84AB}.Debug|Any CPU.Build.0 = Debug|Any CPU
		{A85E3BF7-6385-44E3-BA6F-1C8F02BB84AB}.Release|Any CPU.ActiveCfg = Release|Any CPU
		{A85E3BF7-6385-44E3-BA6F-1C8F02BB84AB}.Release|Any CPU.Build.0 = Release|Any CPU
	EndGlobalSection
	GlobalSection(SolutionProperties) = preSolution
		HideSolutionNode = FALSE
	EndGlobalSection
	GlobalSection(ExtensibilityGlobals) = postSolution
		SolutionGuid = {337E722F-EB67-4DAD-B4DD-1E129836A090}
	EndGlobalSection
EndGlobal
